
Microsoft Visual Studio Solution File, Format Version 10.00
# Visual Studio 2008
Project("{FAE04EC0-301F-11D3-BF4B-00C04F79EFBC}") = "EulerProblem2", "EulerProblem2\EulerProblem2.csproj", "{9AD36827-4298-42D4-AE4D-7C1E8AC56EF5}"
EndProject
Global
	GlobalSection(SolutionConfigurationPlatforms) = preSolution
		Debug|Any CPU = Debug|Any CPU
		Release|Any CPU = Release|Any CPU
	EndGlobalSection
	GlobalSection(ProjectConfigurationPlatforms) = postSolution
		{9AD36827-4298-42D4-AE4D-7C1E8AC56EF5}.Debug|Any CPU.ActiveCfg = Debug|Any CPU
		{9AD36827-4298-42D4-AE4D-7C1E8AC56EF5}.Debug|Any CPU.Build.0 = Debug|Any CPU
		{9AD36827-4298-42D4-AE4D-7C1E8AC56EF5}.Release|Any CPU.ActiveCfg = Release|Any CPU
		{9AD36827-4298-42D4-AE4D-7C1E8AC56EF5}.Release|Any CPU.Build.0 = Release|Any CPU
	EndGlobalSection
	GlobalSection(SolutionProperties) = preSolution
		HideSolutionNode = FALSE
	EndGlobalSection
EndGlobal
